{
  "name": "test",
  "version": "1.0.0",
  "lockfileVersion": 2,
  "requires": true,
  "packages": {
    "": {
      "name": "test",
      "version": "1.0.0",
      "license": "ISC",
      "dependencies": {
        "@wintee/libdsp": "file:.."
      }
    },
    "..": {
      "name": "@wintee/libdsp",
      "version": "0.0.1",
      "license": "Apache-2.0",
      "dependencies": {
        "xml-parser": "^1.2.1"
      }
    },
    "node_modules/@wintee/libdsp": {
      "resolved": "..",
      "link": true
    }
  },
  "dependencies": {
    "@wintee/libdsp": {
      "version": "file:..",
      "requires": {
        "xml-parser": "^1.2.1"
      }
    }
  }
}
